
Microsoft Visual Studio Solution File, Format Version 12.00
# Visual Studio Version 17
VisualStudioVersion = 17.4.33213.308
MinimumVisualStudioVersion = 10.0.40219.1
Project("{FAE04EC0-301F-11D3-BF4B-00C04F79EFBC}") = "XBMtoBIN", "XBMtoBIN.csproj", "{50478422-A2B9-4274-8574-4B9D50DA476B}"
EndProject
Global
	GlobalSection(SolutionConfigurationPlatforms) = preSolution
		Debug|Any CPU = Debug|Any CPU
		Release|Any CPU = Release|Any CPU
	EndGlobalSection
	GlobalSection(ProjectConfigurationPlatforms) = postSolution
		{50478422-A2B9-4274-8574-4B9D50DA476B}.Debug|Any CPU.ActiveCfg = Debug|Any CPU
		{50478422-A2B9-4274-8574-4B9D50DA476B}.Debug|Any CPU.Build.0 = Debug|Any CPU
		{50478422-A2B9-4274-8574-4B9D50DA476B}.Release|Any CPU.ActiveCfg = Release|Any CPU
		{50478422-A2B9-4274-8574-4B9D50DA476B}.Release|Any CPU.Build.0 = Release|Any CPU
	EndGlobalSection
	GlobalSection(SolutionProperties) = preSolution
		HideSolutionNode = FALSE
	EndGlobalSection
	GlobalSection(ExtensibilityGlobals) = postSolution
		SolutionGuid = {D5059748-CEA1-4757-BDB5-A440DCAD13F2}
	EndGlobalSection
EndGlobal
